{
  "name": "notelab-collab",
  "version": "1.0.0",
  "lockfileVersion": 3,
  "requires": true,
  "packages": {
    "": {
      "name": "notelab-collab",
      "version": "1.0.0",
      "dependencies": {
        "@tldraw/sync-core": "5.5.2",
        "ws": "^8.18.0"
      },
      "engines": {
        "node": ">=22.5.0"
      }
    },
    "node_modules/@tldraw/state": {
      "version": "5.5.2",
      "resolved": "https://registry.npmmirror.com/@tldraw/state/-/state-5.5.2.tgz",
      "integrity": "sha512-e5c01kKlHhmNHALRH19gTlaJihJac8m/TrMkyqe3dajQMu1QQsuVhIbD9tIY7E2qbQ1s7rp+9dPP2gDkpG6CaQ==",
      "license": "MIT",
      "dependencies": {
        "@tldraw/utils": "5.5.2"
      },
      "engines": {
        "node": ">=22.12.0"
      }
    },
    "node_modules/@tldraw/store": {
      "version": "5.5.2",
      "resolved": "https://registry.npmmirror.com/@tldraw/store/-/store-5.5.2.tgz",
      "integrity": "sha512-PoULEs90/BqvwtfcVnajI7/7TesxGtz+UmXjWdFLCYGy7Y86MmIBLYobT6WwQ6jv3dGVQy4kcRREtADHY6iFpA==",
      "license": "MIT",
      "dependencies": {
        "@tldraw/state": "5.5.2",
        "@tldraw/utils": "5.5.2"
      },
      "engines": {
        "node": ">=22.12.0"
      },
      "peerDependencies": {
        "react": "^18.2.0 || ^19.2.1"
      }
    },
    "node_modules/@tldraw/sync-core": {
      "version": "5.5.2",
      "resolved": "https://registry.npmmirror.com/@tldraw/sync-core/-/sync-core-5.5.2.tgz",
      "integrity": "sha512-zGXH4BorDAE3ylERPSCcxBH0yGqxBFwOAhGz0RwUnIjJ/4R6XOnBYvY/qgwp5H6SvXTPpjmo4zLYBVDko+zUhQ==",
      "license": "SEE LICENSE IN LICENSE.md",
      "dependencies": {
        "@tldraw/state": "5.5.2",
        "@tldraw/store": "5.5.2",
        "@tldraw/tlschema": "5.5.2",
        "@tldraw/utils": "5.5.2",
        "nanoevents": "^7.0.1",
        "ws": "^8.18.0"
      },
      "engines": {
        "node": ">=22.12.0"
      },
      "peerDependencies": {
        "react": "^18.2.0 || ^19.2.1",
        "react-dom": "^18.2.0 || ^19.2.1"
      }
    },
    "node_modules/@tldraw/tlschema": {
      "version": "5.5.2",
      "resolved": "https://registry.npmmirror.com/@tldraw/tlschema/-/tlschema-5.5.2.tgz",
      "integrity": "sha512-9CNN1gyuMPP/Bhy4z0c/sfX21r9beFIzMjxckofJqOJMUqy5sIoERJSYMBa3rJj1EjeSbM7gicR71bZ+CexHYA==",
      "license": "MIT",
      "dependencies": {
        "@tldraw/state": "5.5.2",
        "@tldraw/store": "5.5.2",
        "@tldraw/utils": "5.5.2",
        "@tldraw/validate": "5.5.2"
      },
      "engines": {
        "node": ">=22.12.0"
      },
      "peerDependencies": {
        "react": "^18.2.0 || ^19.2.1",
        "react-dom": "^18.2.0 || ^19.2.1"
      }
    },
    "node_modules/@tldraw/utils": {
      "version": "5.5.2",
      "resolved": "https://registry.npmmirror.com/@tldraw/utils/-/utils-5.5.2.tgz",
      "integrity": "sha512-8fEom5kUIooSHoxgGKhR5WJoPK9ouV/xG99nwID+is7dFIxB2I7wv5ZjqO4hXFDPOBWHE6AM5aV3Ml2kjQMwsA==",
      "license": "MIT",
      "dependencies": {
        "lodash.isequal": "^4.5.0",
        "lodash.isequalwith": "^4.4.0",
        "lodash.throttle": "^4.1.1",
        "lodash.uniq": "^4.5.0"
      },
      "engines": {
        "node": ">=22.12.0"
      }
    },
    "node_modules/@tldraw/validate": {
      "version": "5.5.2",
      "resolved": "https://registry.npmmirror.com/@tldraw/validate/-/validate-5.5.2.tgz",
      "integrity": "sha512-+VbUevzE17Bmx0nbAJoTCZlpQKTC7jkgSr+2E/Zna7/9yrRCf2QYfYbudUBRmrbul6F0k1s69XJ1C/rr9TSNfg==",
      "license": "MIT",
      "dependencies": {
        "@tldraw/utils": "5.5.2"
      },
      "engines": {
        "node": ">=22.12.0"
      }
    },
    "node_modules/lodash.isequal": {
      "version": "4.5.0",
      "resolved": "https://registry.npmmirror.com/lodash.isequal/-/lodash.isequal-4.5.0.tgz",
      "integrity": "sha512-pDo3lu8Jhfjqls6GkMgpahsF9kCyayhgykjyLMNFTKWrpVdAQtYyB4muAMWozBB4ig/dtWAmsMxLEI8wuz+DYQ==",
      "deprecated": "This package is deprecated. Use require('node:util').isDeepStrictEqual instead.",
      "license": "MIT"
    },
    "node_modules/lodash.isequalwith": {
      "version": "4.4.0",
      "resolved": "https://registry.npmmirror.com/lodash.isequalwith/-/lodash.isequalwith-4.4.0.tgz",
      "integrity": "sha512-dcZON0IalGBpRmJBmMkaoV7d3I80R2O+FrzsZyHdNSFrANq/cgDqKQNmAHE8UEj4+QYWwwhkQOVdLHiAopzlsQ==",
      "license": "MIT"
    },
    "node_modules/lodash.throttle": {
      "version": "4.1.1",
      "resolved": "https://registry.npmmirror.com/lodash.throttle/-/lodash.throttle-4.1.1.tgz",
      "integrity": "sha512-wIkUCfVKpVsWo3JSZlc+8MB5it+2AN5W8J7YVMST30UrvcQNZ1Okbj+rbVniijTWE6FGYy4XJq/rHkas8qJMLQ==",
      "license": "MIT"
    },
    "node_modules/lodash.uniq": {
      "version": "4.5.0",
      "resolved": "https://registry.npmmirror.com/lodash.uniq/-/lodash.uniq-4.5.0.tgz",
      "integrity": "sha512-xfBaXQd9ryd9dlSDvnvI0lvxfLJlYAZzXomUYzLKtUeOQvOP5piqAWuGtrhWeqaXK9hhoM/iyJc5AV+XfsX3HQ==",
      "license": "MIT"
    },
    "node_modules/nanoevents": {
      "version": "7.0.1",
      "resolved": "https://registry.npmmirror.com/nanoevents/-/nanoevents-7.0.1.tgz",
      "integrity": "sha512-o6lpKiCxLeijK4hgsqfR6CNToPyRU3keKyyI6uwuHRvpRTbZ0wXw51WRgyldVugZqoJfkGFrjrIenYH3bfEO3Q==",
      "license": "MIT",
      "engines": {
        "node": "^14.0.0 || ^16.0.0 || >=18.0.0"
      }
    },
    "node_modules/react": {
      "version": "19.3.0",
      "resolved": "https://registry.npmmirror.com/react/-/react-19.3.0.tgz",
      "integrity": "sha512-E8LUcbtBWt20bbl2YoHfx4ZDBdxVTfOKtCZn9cDSJ4l6/nuoApcpIBcj47t2wZoVX8g2ZHuMHbiShgCR1T5Sog==",
      "license": "MIT",
      "peer": true,
      "engines": {
        "node": ">=0.10.0"
      }
    },
    "node_modules/react-dom": {
      "version": "19.3.0",
      "resolved": "https://registry.npmmirror.com/react-dom/-/react-dom-19.3.0.tgz",
      "integrity": "sha512-JDk8dgif51OjFoDE70+OT9ICyYr+69HlmihNwp1+Nsfbna3t5sIiCa9ZJktDmQ4/1b/rn26hIAR2uYXDMr5r0Q==",
      "license": "MIT",
      "peer": true,
      "dependencies": {
        "scheduler": "^0.28.0"
      },
      "peerDependencies": {
        "react": "^19.3.0"
      }
    },
    "node_modules/scheduler": {
      "version": "0.28.0",
      "resolved": "https://registry.npmmirror.com/scheduler/-/scheduler-0.28.0.tgz",
      "integrity": "sha512-juorfCmIkIw8tT+p5BXSm6PJjQF/ycEYmKyzURCIt/RaZIhL+PulbQ9Yu2z1HdOJDdqDTlxA1+xKBmHXJsczAw==",
      "license": "MIT",
      "peer": true
    },
    "node_modules/ws": {
      "version": "8.22.0",
      "resolved": "https://registry.npmmirror.com/ws/-/ws-8.22.0.tgz",
      "integrity": "sha512-Ydggc987+RO0AnWtZ/7Wq9FtNvcrL1b/RO0ud9mWjUPgDrsAAwQSF51sm2hm1XofbU/4jkpGEsLFsZZxU+1DOg==",
      "license": "MIT",
      "engines": {
        "node": ">=10.0.0"
      },
      "peerDependencies": {
        "bufferutil": "^4.0.1",
        "utf-8-validate": ">=5.0.2"
      },
      "peerDependenciesMeta": {
        "bufferutil": {
          "optional": true
        },
        "utf-8-validate": {
          "optional": true
        }
      }
    }
  }
}
